
Microsoft Visual Studio Solution File, Format Version 12.00
# Visual Studio 15
VisualStudioVersion = 15.0.27004.2005
MinimumVisualStudioVersion = 10.0.40219.1
Project("{FAE04EC0-301F-11D3-BF4B-00C04F79EFBC}") = "Desafio3", "Desafio3\Desafio3.csproj", "{CDE56D87-DB0C-41B8-AA2C-6AC0D386857F}"
EndProject
Global
	GlobalSection(SolutionConfigurationPlatforms) = preSolution
		Debug|Any CPU = Debug|Any CPU
		Release|Any CPU = Release|Any CPU
	EndGlobalSection
	GlobalSection(ProjectConfigurationPlatforms) = postSolution
		{CDE56D87-DB0C-41B8-AA2C-6AC0D386857F}.Debug|Any CPU.ActiveCfg = Debug|Any CPU
		{CDE56D87-DB0C-41B8-AA2C-6AC0D386857F}.Debug|Any CPU.Build.0 = Debug|Any CPU
		{CDE56D87-DB0C-41B8-AA2C-6AC0D386857F}.Release|Any CPU.ActiveCfg = Release|Any CPU
		{CDE56D87-DB0C-41B8-AA2C-6AC0D386857F}.Release|Any CPU.Build.0 = Release|Any CPU
	EndGlobalSection
	GlobalSection(SolutionProperties) = preSolution
		HideSolutionNode = FALSE
	EndGlobalSection
	GlobalSection(ExtensibilityGlobals) = postSolution
		SolutionGuid = {90338CF9-789E-4D52-B377-3E05179B674F}
	EndGlobalSection
EndGlobal
